
Microsoft Visual Studio Solution File, Format Version 12.00
# Visual Studio 2012
Project("{F184B08F-C81C-45F6-A57F-5ABD9991F28F}") = "nuve", "nuve\nuve.vbproj", "{F93E5C55-8367-40F2-AFC5-F22A4B1AF174}"
EndProject
Project("{F184B08F-C81C-45F6-A57F-5ABD9991F28F}") = "DataLayer", "DataLayer\DataLayer.vbproj", "{772CF474-F64C-4DD4-B1AC-4F542BA661F6}"
EndProject
Project("{F184B08F-C81C-45F6-A57F-5ABD9991F28F}") = "Negocio", "Negocio\Negocio.vbproj", "{1CACDBE8-93C4-45EC-B105-D8F6285F2E96}"
EndProject
Project("{F184B08F-C81C-45F6-A57F-5ABD9991F28F}") = "Entidades", "eFrame\Entidades.vbproj", "{A426B808-0785-43BF-865C-81A802672DB8}"
EndProject
Project("{F184B08F-C81C-45F6-A57F-5ABD9991F28F}") = "FactorDAL", "FactorDAL\FactorDAL.vbproj", "{44D3844C-25AA-4404-84AD-7FC5013FE669}"
EndProject
Project("{F184B08F-C81C-45F6-A57F-5ABD9991F28F}") = "FactorBAL", "FactorBAL\FactorBAL.vbproj", "{10347410-E064-4A14-8693-515A9ABCE188}"
EndProject
Project("{F184B08F-C81C-45F6-A57F-5ABD9991F28F}") = "FactorENT", "FactorEntidades\FactorENT.vbproj", "{8A0EB53A-65F8-4AA6-9187-AD9D8C9AE173}"
EndProject
Global
	GlobalSection(SolutionConfigurationPlatforms) = preSolution
		Debug|Any CPU = Debug|Any CPU
		Release|Any CPU = Release|Any CPU
	EndGlobalSection
	GlobalSection(ProjectConfigurationPlatforms) = postSolution
		{F93E5C55-8367-40F2-AFC5-F22A4B1AF174}.Debug|Any CPU.ActiveCfg = Debug|Any CPU
		{F93E5C55-8367-40F2-AFC5-F22A4B1AF174}.Debug|Any CPU.Build.0 = Debug|Any CPU
		{F93E5C55-8367-40F2-AFC5-F22A4B1AF174}.Release|Any CPU.ActiveCfg = Release|Any CPU
		{F93E5C55-8367-40F2-AFC5-F22A4B1AF174}.Release|Any CPU.Build.0 = Release|Any CPU
		{772CF474-F64C-4DD4-B1AC-4F542BA661F6}.Debug|Any CPU.ActiveCfg = Debug|Any CPU
		{772CF474-F64C-4DD4-B1AC-4F542BA661F6}.Debug|Any CPU.Build.0 = Debug|Any CPU
		{772CF474-F64C-4DD4-B1AC-4F542BA661F6}.Release|Any CPU.ActiveCfg = Release|Any CPU
		{772CF474-F64C-4DD4-B1AC-4F542BA661F6}.Release|Any CPU.Build.0 = Release|Any CPU
		{1CACDBE8-93C4-45EC-B105-D8F6285F2E96}.Debug|Any CPU.ActiveCfg = Debug|Any CPU
		{1CACDBE8-93C4-45EC-B105-D8F6285F2E96}.Debug|Any CPU.Build.0 = Debug|Any CPU
		{1CACDBE8-93C4-45EC-B105-D8F6285F2E96}.Release|Any CPU.ActiveCfg = Release|Any CPU
		{1CACDBE8-93C4-45EC-B105-D8F6285F2E96}.Release|Any CPU.Build.0 = Release|Any CPU
		{A426B808-0785-43BF-865C-81A802672DB8}.Debug|Any CPU.ActiveCfg = Debug|Any CPU
		{A426B808-0785-43BF-865C-81A802672DB8}.Debug|Any CPU.Build.0 = Debug|Any CPU
		{A426B808-0785-43BF-865C-81A802672DB8}.Release|Any CPU.ActiveCfg = Release|Any CPU
		{A426B808-0785-43BF-865C-81A802672DB8}.Release|Any CPU.Build.0 = Release|Any CPU
		{44D3844C-25AA-4404-84AD-7FC5013FE669}.Debug|Any CPU.ActiveCfg = Debug|Any CPU
		{44D3844C-25AA-4404-84AD-7FC5013FE669}.Debug|Any CPU.Build.0 = Debug|Any CPU
		{44D3844C-25AA-4404-84AD-7FC5013FE669}.Release|Any CPU.ActiveCfg = Release|Any CPU
		{44D3844C-25AA-4404-84AD-7FC5013FE669}.Release|Any CPU.Build.0 = Release|Any CPU
		{10347410-E064-4A14-8693-515A9ABCE188}.Debug|Any CPU.ActiveCfg = Debug|Any CPU
		{10347410-E064-4A14-8693-515A9ABCE188}.Debug|Any CPU.Build.0 = Debug|Any CPU
		{10347410-E064-4A14-8693-515A9ABCE188}.Release|Any CPU.ActiveCfg = Release|Any CPU
		{10347410-E064-4A14-8693-515A9ABCE188}.Release|Any CPU.Build.0 = Release|Any CPU
		{8A0EB53A-65F8-4AA6-9187-AD9D8C9AE173}.Debug|Any CPU.ActiveCfg = Debug|Any CPU
		{8A0EB53A-65F8-4AA6-9187-AD9D8C9AE173}.Debug|Any CPU.Build.0 = Debug|Any CPU
		{8A0EB53A-65F8-4AA6-9187-AD9D8C9AE173}.Release|Any CPU.ActiveCfg = Release|Any CPU
		{8A0EB53A-65F8-4AA6-9187-AD9D8C9AE173}.Release|Any CPU.Build.0 = Release|Any CPU
	EndGlobalSection
	GlobalSection(SolutionProperties) = preSolution
		HideSolutionNode = FALSE
	EndGlobalSection
	GlobalSection(Performance) = preSolution
		HasPerformanceSessions = true
	EndGlobalSection
EndGlobal
